
Microsoft Visual Studio Solution File, Format Version 12.00
# Visual Studio Version 16
VisualStudioVersion = 16.0.30309.148
MinimumVisualStudioVersion = 10.0.40219.1
Project("{FAE04EC0-301F-11D3-BF4B-00C04F79EFBC}") = "POONO2", "POONO2.csproj", "{018A2C03-A2D1-44FF-9309-0B43B605322A}"
EndProject
Global
	GlobalSection(SolutionConfigurationPlatforms) = preSolution
		Debug|Any CPU = Debug|Any CPU
		Release|Any CPU = Release|Any CPU
	EndGlobalSection
	GlobalSection(ProjectConfigurationPlatforms) = postSolution
		{018A2C03-A2D1-44FF-9309-0B43B605322A}.Debug|Any CPU.ActiveCfg = Debug|Any CPU
		{018A2C03-A2D1-44FF-9309-0B43B605322A}.Debug|Any CPU.Build.0 = Debug|Any CPU
		{018A2C03-A2D1-44FF-9309-0B43B605322A}.Release|Any CPU.ActiveCfg = Release|Any CPU
		{018A2C03-A2D1-44FF-9309-0B43B605322A}.Release|Any CPU.Build.0 = Release|Any CPU
	EndGlobalSection
	GlobalSection(SolutionProperties) = preSolution
		HideSolutionNode = FALSE
	EndGlobalSection
	GlobalSection(ExtensibilityGlobals) = postSolution
		SolutionGuid = {DE698233-3259-42E8-9899-62A3F7010DD2}
	EndGlobalSection
EndGlobal
